
Microsoft Visual Studio Solution File, Format Version 12.00
# Visual Studio Version 16
VisualStudioVersion = 16.0.30621.155
MinimumVisualStudioVersion = 10.0.40219.1
Project("{FAE04EC0-301F-11D3-BF4B-00C04F79EFBC}") = "TestPlugin", "TestPlugin.csproj", "{06F754C7-01E4-4A16-829A-927148A7B634}"
EndProject
Global
	GlobalSection(SolutionConfigurationPlatforms) = preSolution
		Debug|Any CPU = Debug|Any CPU
		Release|Any CPU = Release|Any CPU
	EndGlobalSection
	GlobalSection(ProjectConfigurationPlatforms) = postSolution
		{06F754C7-01E4-4A16-829A-927148A7B634}.Debug|Any CPU.ActiveCfg = Debug|Any CPU
		{06F754C7-01E4-4A16-829A-927148A7B634}.Debug|Any CPU.Build.0 = Debug|Any CPU
		{06F754C7-01E4-4A16-829A-927148A7B634}.Release|Any CPU.ActiveCfg = Release|Any CPU
		{06F754C7-01E4-4A16-829A-927148A7B634}.Release|Any CPU.Build.0 = Release|Any CPU
	EndGlobalSection
	GlobalSection(SolutionProperties) = preSolution
		HideSolutionNode = FALSE
	EndGlobalSection
	GlobalSection(ExtensibilityGlobals) = postSolution
		SolutionGuid = {5CD07793-5807-4C44-B084-06A79502C27F}
	EndGlobalSection
EndGlobal
